
Microsoft Visual Studio Solution File, Format Version 12.00
# Visual Studio Version 16
VisualStudioVersion = 16.0.33027.164
MinimumVisualStudioVersion = 10.0.40219.1
Project("{FAE04EC0-301F-11D3-BF4B-00C04F79EFBC}") = "ReceiptScanner.OCRService", "ReceiptScanner.OCRService\ReceiptScanner.OCRService.csproj", "{501686C7-880B-4260-9AEA-559FA0EA79EA}"
EndProject
Project("{FAE04EC0-301F-11D3-BF4B-00C04F79EFBC}") = "ReceiptScanner.ScannerClient", "ReceiptScanner.ScannerClient\ReceiptScanner.ScannerClient.csproj", "{05732B70-6FE3-4A30-BC41-0C1FD5D6B957}"
EndProject
Project("{FAE04EC0-301F-11D3-BF4B-00C04F79EFBC}") = "ReceiptScanner.Test", "ReceiptScanner.Test\ReceiptScanner.Test.csproj", "{307CB435-E593-4774-824D-531DCD20545F}"
EndProject
Global
	GlobalSection(SolutionConfigurationPlatforms) = preSolution
		Debug|Any CPU = Debug|Any CPU
		Release|Any CPU = Release|Any CPU
	EndGlobalSection
	GlobalSection(ProjectConfigurationPlatforms) = postSolution
		{501686C7-880B-4260-9AEA-559FA0EA79EA}.Debug|Any CPU.ActiveCfg = Debug|Any CPU
		{501686C7-880B-4260-9AEA-559FA0EA79EA}.Debug|Any CPU.Build.0 = Debug|Any CPU
		{501686C7-880B-4260-9AEA-559FA0EA79EA}.Release|Any CPU.ActiveCfg = Release|Any CPU
		{501686C7-880B-4260-9AEA-559FA0EA79EA}.Release|Any CPU.Build.0 = Release|Any CPU
		{05732B70-6FE3-4A30-BC41-0C1FD5D6B957}.Debug|Any CPU.ActiveCfg = Debug|Any CPU
		{05732B70-6FE3-4A30-BC41-0C1FD5D6B957}.Debug|Any CPU.Build.0 = Debug|Any CPU
		{05732B70-6FE3-4A30-BC41-0C1FD5D6B957}.Release|Any CPU.ActiveCfg = Release|Any CPU
		{05732B70-6FE3-4A30-BC41-0C1FD5D6B957}.Release|Any CPU.Build.0 = Release|Any CPU
		{307CB435-E593-4774-824D-531DCD20545F}.Debug|Any CPU.ActiveCfg = Debug|Any CPU
		{307CB435-E593-4774-824D-531DCD20545F}.Debug|Any CPU.Build.0 = Debug|Any CPU
		{307CB435-E593-4774-824D-531DCD20545F}.Release|Any CPU.ActiveCfg = Release|Any CPU
		{307CB435-E593-4774-824D-531DCD20545F}.Release|Any CPU.Build.0 = Release|Any CPU
	EndGlobalSection
	GlobalSection(SolutionProperties) = preSolution
		HideSolutionNode = FALSE
	EndGlobalSection
	GlobalSection(ExtensibilityGlobals) = postSolution
		SolutionGuid = {AEF1AD0D-A00F-4BC1-83A5-38680C47E2BF}
	EndGlobalSection
EndGlobal
